// !$*UTF8*$!
{
	archiveVersion = 1;
	classes = {
	};
	objectVersion = 56;
	objects = {

/* Begin PBXBuildFile section */
		002AEC052B0211D5006F9E5E /* SVGAExPlayer.swift in Sources */ = {isa = PBXBuildFile; fileRef = 002AEC022B0211D5006F9E5E /* SVGAExPlayer.swift */; };
		002AEC072B0211D5006F9E5E /* SVGARePlayer.m in Sources */ = {isa = PBXBuildFile; fileRef = 002AEC042B0211D5006F9E5E /* SVGARePlayer.m */; };
		002B5A712B0B432000083AE5 /* SVGAVideoEntity+Extension.m in Sources */ = {isa = PBXBuildFile; fileRef = 002B5A702B0B432000083AE5 /* SVGAVideoEntity+Extension.m */; };
		009F1D632A95FC80009C9FF4 /* AppDelegate.swift in Sources */ = {isa = PBXBuildFile; fileRef = 009F1D622A95FC80009C9FF4 /* AppDelegate.swift */; };
		009F1D652A95FC80009C9FF4 /* SceneDelegate.swift in Sources */ = {isa = PBXBuildFile; fileRef = 009F1D642A95FC80009C9FF4 /* SceneDelegate.swift */; };
		009F1D672A95FC80009C9FF4 /* ViewController.swift in Sources */ = {isa = PBXBuildFile; fileRef = 009F1D662A95FC80009C9FF4 /* ViewController.swift */; };
		009F1D6A2A95FC80009C9FF4 /* Main.storyboard in Resources */ = {isa = PBXBuildFile; fileRef = 009F1D682A95FC80009C9FF4 /* Main.storyboard */; };
		009F1D6C2A95FC81009C9FF4 /* Assets.xcassets in Resources */ = {isa = PBXBuildFile; fileRef = 009F1D6B2A95FC81009C9FF4 /* Assets.xcassets */; };
		009F1D6F2A95FC81009C9FF4 /* LaunchScreen.storyboard in Resources */ = {isa = PBXBuildFile; fileRef = 009F1D6D2A95FC81009C9FF4 /* LaunchScreen.storyboard */; };
		009F1D802A9608E0009C9FF4 /* Extension.swift in Sources */ = {isa = PBXBuildFile; fileRef = 009F1D7F2A9608E0009C9FF4 /* Extension.swift */; };
		009F1D922A961699009C9FF4 /* Rocket.svga in Resources */ = {isa = PBXBuildFile; fileRef = 009F1D882A961699009C9FF4 /* Rocket.svga */; };
		009F1D932A961699009C9FF4 /* heartbeat.svga in Resources */ = {isa = PBXBuildFile; fileRef = 009F1D892A961699009C9FF4 /* heartbeat.svga */; };
		009F1D952A961699009C9FF4 /* Goddess.svga in Resources */ = {isa = PBXBuildFile; fileRef = 009F1D8B2A961699009C9FF4 /* Goddess.svga */; };
		009F1D972A961699009C9FF4 /* Rose.svga in Resources */ = {isa = PBXBuildFile; fileRef = 009F1D8D2A961699009C9FF4 /* Rose.svga */; };
		009F1D9B2A96213B009C9FF4 /* Constant.swift in Sources */ = {isa = PBXBuildFile; fileRef = 009F1D9A2A96213B009C9FF4 /* Constant.swift */; };
		00CEC40A2C9EE1E300659005 /* JPProgressHUD.swift in Sources */ = {isa = PBXBuildFile; fileRef = 00CEC4092C9EE1E300659005 /* JPProgressHUD.swift */; };
		1AD0CD4E2B05563C0020285D /* bgImage.jpg in Resources */ = {isa = PBXBuildFile; fileRef = 1AD0CD4D2B05563C0020285D /* bgImage.jpg */; };
		2A7034FD0E59E659C2AA4DF3 /* Pods_SVGAPlayer_OptimizedDemo.framework in Frameworks */ = {isa = PBXBuildFile; fileRef = 74E8B3043253ADF8BFAF85DB /* Pods_SVGAPlayer_OptimizedDemo.framework */; };
/* End PBXBuildFile section */

/* Begin PBXFileReference section */
		002AEC012B0211D5006F9E5E /* SVGARePlayer.h */ = {isa = PBXFileReference; fileEncoding = 4; lastKnownFileType = sourcecode.c.h; path = SVGARePlayer.h; sourceTree = "<group>"; };
		002AEC022B0211D5006F9E5E /* SVGAExPlayer.swift */ = {isa = PBXFileReference; fileEncoding = 4; lastKnownFileType = sourcecode.swift; path = SVGAExPlayer.swift; sourceTree = "<group>"; };
		002AEC042B0211D5006F9E5E /* SVGARePlayer.m */ = {isa = PBXFileReference; fileEncoding = 4; lastKnownFileType = sourcecode.c.objc; path = SVGARePlayer.m; sourceTree = "<group>"; };
		002AEC082B0211ED006F9E5E /* README.md */ = {isa = PBXFileReference; lastKnownFileType = net.daringfireball.markdown; path = README.md; sourceTree = "<group>"; };
		002B5A6F2B0B432000083AE5 /* SVGAVideoEntity+Extension.h */ = {isa = PBXFileReference; lastKnownFileType = sourcecode.c.h; path = "SVGAVideoEntity+Extension.h"; sourceTree = "<group>"; };
		002B5A702B0B432000083AE5 /* SVGAVideoEntity+Extension.m */ = {isa = PBXFileReference; lastKnownFileType = sourcecode.c.objc; path = "SVGAVideoEntity+Extension.m"; sourceTree = "<group>"; };
		009F1D5F2A95FC80009C9FF4 /* SVGAPlayer_OptimizedDemo.app */ = {isa = PBXFileReference; explicitFileType = wrapper.application; includeInIndex = 0; path = SVGAPlayer_OptimizedDemo.app; sourceTree = BUILT_PRODUCTS_DIR; };
		009F1D622A95FC80009C9FF4 /* AppDelegate.swift */ = {isa = PBXFileReference; lastKnownFileType = sourcecode.swift; path = AppDelegate.swift; sourceTree = "<group>"; };
		009F1D642A95FC80009C9FF4 /* SceneDelegate.swift */ = {isa = PBXFileReference; lastKnownFileType = sourcecode.swift; path = SceneDelegate.swift; sourceTree = "<group>"; };
		009F1D662A95FC80009C9FF4 /* ViewController.swift */ = {isa = PBXFileReference; lastKnownFileType = sourcecode.swift; path = ViewController.swift; sourceTree = "<group>"; };
		009F1D692A95FC80009C9FF4 /* Base */ = {isa = PBXFileReference; lastKnownFileType = file.storyboard; name = Base; path = Base.lproj/Main.storyboard; sourceTree = "<group>"; };
		009F1D6B2A95FC81009C9FF4 /* Assets.xcassets */ = {isa = PBXFileReference; lastKnownFileType = folder.assetcatalog; path = Assets.xcassets; sourceTree = "<group>"; };
		009F1D6E2A95FC81009C9FF4 /* Base */ = {isa = PBXFileReference; lastKnownFileType = file.storyboard; name = Base; path = Base.lproj/LaunchScreen.storyboard; sourceTree = "<group>"; };
		009F1D702A95FC81009C9FF4 /* Info.plist */ = {isa = PBXFileReference; lastKnownFileType = text.plist.xml; path = Info.plist; sourceTree = "<group>"; };
		009F1D7F2A9608E0009C9FF4 /* Extension.swift */ = {isa = PBXFileReference; fileEncoding = 4; lastKnownFileType = sourcecode.swift; path = Extension.swift; sourceTree = "<group>"; };
		009F1D882A961699009C9FF4 /* Rocket.svga */ = {isa = PBXFileReference; lastKnownFileType = file; path = Rocket.svga; sourceTree = "<group>"; };
		009F1D892A961699009C9FF4 /* heartbeat.svga */ = {isa = PBXFileReference; lastKnownFileType = file; path = heartbeat.svga; sourceTree = "<group>"; };
		009F1D8B2A961699009C9FF4 /* Goddess.svga */ = {isa = PBXFileReference; lastKnownFileType = file; path = Goddess.svga; sourceTree = "<group>"; };
		009F1D8D2A961699009C9FF4 /* Rose.svga */ = {isa = PBXFileReference; lastKnownFileType = file; path = Rose.svga; sourceTree = "<group>"; };
		009F1D9A2A96213B009C9FF4 /* Constant.swift */ = {isa = PBXFileReference; lastKnownFileType = sourcecode.swift; path = Constant.swift; sourceTree = "<group>"; };
		00CEC4092C9EE1E300659005 /* JPProgressHUD.swift */ = {isa = PBXFileReference; lastKnownFileType = sourcecode.swift; path = JPProgressHUD.swift; sourceTree = "<group>"; };
		171C1E092135690956EB364E /* Pods-SVGAPlayer_OptimizedDemo.release.xcconfig */ = {isa = PBXFileReference; includeInIndex = 1; lastKnownFileType = text.xcconfig; name = "Pods-SVGAPlayer_OptimizedDemo.release.xcconfig"; path = "Target Support Files/Pods-SVGAPlayer_OptimizedDemo/Pods-SVGAPlayer_OptimizedDemo.release.xcconfig"; sourceTree = "<group>"; };
		19225488E0EFB6221E4479D1 /* Pods-SVGAParsePlayer_Demo.release.xcconfig */ = {isa = PBXFileReference; includeInIndex = 1; lastKnownFileType = text.xcconfig; name = "Pods-SVGAParsePlayer_Demo.release.xcconfig"; path = "Target Support Files/Pods-SVGAParsePlayer_Demo/Pods-SVGAParsePlayer_Demo.release.xcconfig"; sourceTree = "<group>"; };
		1ACE10AC2B0007AE003881D3 /* SVGAPlayer_OptimizedDemo-Bridging-Header.h */ = {isa = PBXFileReference; lastKnownFileType = sourcecode.c.h; path = "SVGAPlayer_OptimizedDemo-Bridging-Header.h"; sourceTree = "<group>"; };
		1AD0CD4D2B05563C0020285D /* bgImage.jpg */ = {isa = PBXFileReference; lastKnownFileType = image.jpeg; path = bgImage.jpg; sourceTree = "<group>"; };
		74E8B3043253ADF8BFAF85DB /* Pods_SVGAPlayer_OptimizedDemo.framework */ = {isa = PBXFileReference; explicitFileType = wrapper.framework; includeInIndex = 0; path = Pods_SVGAPlayer_OptimizedDemo.framework; sourceTree = BUILT_PRODUCTS_DIR; };
		84722344303371C7A79C365F /* Pods-SVGAParsePlayer_Demo.debug.xcconfig */ = {isa = PBXFileReference; includeInIndex = 1; lastKnownFileType = text.xcconfig; name = "Pods-SVGAParsePlayer_Demo.debug.xcconfig"; path = "Target Support Files/Pods-SVGAParsePlayer_Demo/Pods-SVGAParsePlayer_Demo.debug.xcconfig"; sourceTree = "<group>"; };
		9D98578963A5720060A2E740 /* Pods-SVGAPlayer_OptimizedDemo.debug.xcconfig */ = {isa = PBXFileReference; includeInIndex = 1; lastKnownFileType = text.xcconfig; name = "Pods-SVGAPlayer_OptimizedDemo.debug.xcconfig"; path = "Target Support Files/Pods-SVGAPlayer_OptimizedDemo/Pods-SVGAPlayer_OptimizedDemo.debug.xcconfig"; sourceTree = "<group>"; };
/* End PBXFileReference section */

/* Begin PBXFrameworksBuildPhase section */
		009F1D5C2A95FC80009C9FF4 /* Frameworks */ = {
			isa = PBXFrameworksBuildPhase;
			buildActionMask = 2147483647;
			files = (
				2A7034FD0E59E659C2AA4DF3 /* Pods_SVGAPlayer_OptimizedDemo.framework in Frameworks */,
			);
			runOnlyForDeploymentPostprocessing = 0;
		};
/* End PBXFrameworksBuildPhase section */

/* Begin PBXGroup section */
		002AEC002B0211D5006F9E5E /* SVGAPlayer_Optimized */ = {
			isa = PBXGroup;
			children = (
				002AEC012B0211D5006F9E5E /* SVGARePlayer.h */,
				002AEC042B0211D5006F9E5E /* SVGARePlayer.m */,
				002B5A6F2B0B432000083AE5 /* SVGAVideoEntity+Extension.h */,
				002B5A702B0B432000083AE5 /* SVGAVideoEntity+Extension.m */,
				002AEC022B0211D5006F9E5E /* SVGAExPlayer.swift */,
			);
			path = SVGAPlayer_Optimized;
			sourceTree = "<group>";
		};
		009F1D562A95FC80009C9FF4 = {
			isa = PBXGroup;
			children = (
				002AEC082B0211ED006F9E5E /* README.md */,
				009F1D612A95FC80009C9FF4 /* SVGAPlayer_OptimizedDemo */,
				009F1D602A95FC80009C9FF4 /* Products */,
				463DEB6219AC9D58E1AD5CA2 /* Pods */,
				95CACA5A5BCD13DBAAAA31EE /* Frameworks */,
			);
			sourceTree = "<group>";
		};
		009F1D602A95FC80009C9FF4 /* Products */ = {
			isa = PBXGroup;
			children = (
				009F1D5F2A95FC80009C9FF4 /* SVGAPlayer_OptimizedDemo.app */,
			);
			name = Products;
			sourceTree = "<group>";
		};
		009F1D612A95FC80009C9FF4 /* SVGAPlayer_OptimizedDemo */ = {
			isa = PBXGroup;
			children = (
				002AEC002B0211D5006F9E5E /* SVGAPlayer_Optimized */,
				009F1D852A961699009C9FF4 /* Samples */,
				009F1D622A95FC80009C9FF4 /* AppDelegate.swift */,
				009F1D642A95FC80009C9FF4 /* SceneDelegate.swift */,
				009F1D662A95FC80009C9FF4 /* ViewController.swift */,
				009F1D9A2A96213B009C9FF4 /* Constant.swift */,
				009F1D7F2A9608E0009C9FF4 /* Extension.swift */,
				00CEC4092C9EE1E300659005 /* JPProgressHUD.swift */,
				009F1D682A95FC80009C9FF4 /* Main.storyboard */,
				009F1D6D2A95FC81009C9FF4 /* LaunchScreen.storyboard */,
				1AD0CD4D2B05563C0020285D /* bgImage.jpg */,
				009F1D6B2A95FC81009C9FF4 /* Assets.xcassets */,
				009F1D702A95FC81009C9FF4 /* Info.plist */,
				1ACE10AC2B0007AE003881D3 /* SVGAPlayer_OptimizedDemo-Bridging-Header.h */,
			);
			path = SVGAPlayer_OptimizedDemo;
			sourceTree = "<group>";
		};
		009F1D852A961699009C9FF4 /* Samples */ = {
			isa = PBXGroup;
			children = (
				009F1D8B2A961699009C9FF4 /* Goddess.svga */,
				009F1D892A961699009C9FF4 /* heartbeat.svga */,
				009F1D882A961699009C9FF4 /* Rocket.svga */,
				009F1D8D2A961699009C9FF4 /* Rose.svga */,
			);
			path = Samples;
			sourceTree = "<group>";
		};
		463DEB6219AC9D58E1AD5CA2 /* Pods */ = {
			isa = PBXGroup;
			children = (
				84722344303371C7A79C365F /* Pods-SVGAParsePlayer_Demo.debug.xcconfig */,
				19225488E0EFB6221E4479D1 /* Pods-SVGAParsePlayer_Demo.release.xcconfig */,
				9D98578963A5720060A2E740 /* Pods-SVGAPlayer_OptimizedDemo.debug.xcconfig */,
				171C1E092135690956EB364E /* Pods-SVGAPlayer_OptimizedDemo.release.xcconfig */,
			);
			path = Pods;
			sourceTree = "<group>";
		};
		95CACA5A5BCD13DBAAAA31EE /* Frameworks */ = {
			isa = PBXGroup;
			children = (
				74E8B3043253ADF8BFAF85DB /* Pods_SVGAPlayer_OptimizedDemo.framework */,
			);
			name = Frameworks;
			sourceTree = "<group>";
		};
/* End PBXGroup section */

/* Begin PBXNativeTarget section */
		009F1D5E2A95FC80009C9FF4 /* SVGAPlayer_OptimizedDemo */ = {
			isa = PBXNativeTarget;
			buildConfigurationList = 009F1D732A95FC81009C9FF4 /* Build configuration list for PBXNativeTarget "SVGAPlayer_OptimizedDemo" */;
			buildPhases = (
				1CF25F3BD7DFF76D46D43CBF /* [CP] Check Pods Manifest.lock */,
				009F1D5B2A95FC80009C9FF4 /* Sources */,
				009F1D5C2A95FC80009C9FF4 /* Frameworks */,
				009F1D5D2A95FC80009C9FF4 /* Resources */,
				064532EB2287D2C542400592 /* [CP] Embed Pods Frameworks */,
			);
			buildRules = (
			);
			dependencies = (
			);
			name = SVGAPlayer_OptimizedDemo;
			productName = SVGAParsePlayer_Demo;
			productReference = 009F1D5F2A95FC80009C9FF4 /* SVGAPlayer_OptimizedDemo.app */;
			productType = "com.apple.product-type.application";
		};
/* End PBXNativeTarget section */

/* Begin PBXProject section */
		009F1D572A95FC80009C9FF4 /* Project object */ = {
			isa = PBXProject;
			attributes = {
				BuildIndependentTargetsInParallel = 1;
				LastSwiftUpdateCheck = 1430;
				LastUpgradeCheck = 1430;
				TargetAttributes = {
					009F1D5E2A95FC80009C9FF4 = {
						CreatedOnToolsVersion = 14.3.1;
						LastSwiftMigration = 1500;
					};
				};
			};
			buildConfigurationList = 009F1D5A2A95FC80009C9FF4 /* Build configuration list for PBXProject "SVGAPlayer_OptimizedDemo" */;
			compatibilityVersion = "Xcode 14.0";
			developmentRegion = en;
			hasScannedForEncodings = 0;
			knownRegions = (
				en,
				Base,
			);
			mainGroup = 009F1D562A95FC80009C9FF4;
			productRefGroup = 009F1D602A95FC80009C9FF4 /* Products */;
			projectDirPath = "";
			projectRoot = "";
			targets = (
				009F1D5E2A95FC80009C9FF4 /* SVGAPlayer_OptimizedDemo */,
			);
		};
/* End PBXProject section */

/* Begin PBXResourcesBuildPhase section */
		009F1D5D2A95FC80009C9FF4 /* Resources */ = {
			isa = PBXResourcesBuildPhase;
			buildActionMask = 2147483647;
			files = (
				009F1D6F2A95FC81009C9FF4 /* LaunchScreen.storyboard in Resources */,
				1AD0CD4E2B05563C0020285D /* bgImage.jpg in Resources */,
				009F1D6C2A95FC81009C9FF4 /* Assets.xcassets in Resources */,
				009F1D952A961699009C9FF4 /* Goddess.svga in Resources */,
				009F1D932A961699009C9FF4 /* heartbeat.svga in Resources */,
				009F1D922A961699009C9FF4 /* Rocket.svga in Resources */,
				009F1D972A961699009C9FF4 /* Rose.svga in Resources */,
				009F1D6A2A95FC80009C9FF4 /* Main.storyboard in Resources */,
			);
			runOnlyForDeploymentPostprocessing = 0;
		};
/* End PBXResourcesBuildPhase section */

/* Begin PBXShellScriptBuildPhase section */
		064532EB2287D2C542400592 /* [CP] Embed Pods Frameworks */ = {
			isa = PBXShellScriptBuildPhase;
			buildActionMask = 2147483647;
			files = (
			);
			inputFileListPaths = (
				"${PODS_ROOT}/Target Support Files/Pods-SVGAPlayer_OptimizedDemo/Pods-SVGAPlayer_OptimizedDemo-frameworks-${CONFIGURATION}-input-files.xcfilelist",
			);
			name = "[CP] Embed Pods Frameworks";
			outputFileListPaths = (
				"${PODS_ROOT}/Target Support Files/Pods-SVGAPlayer_OptimizedDemo/Pods-SVGAPlayer_OptimizedDemo-frameworks-${CONFIGURATION}-output-files.xcfilelist",
			);
			runOnlyForDeploymentPostprocessing = 0;
			shellPath = /bin/sh;
			shellScript = "\"${PODS_ROOT}/Target Support Files/Pods-SVGAPlayer_OptimizedDemo/Pods-SVGAPlayer_OptimizedDemo-frameworks.sh\"\n";
			showEnvVarsInLog = 0;
		};
		1CF25F3BD7DFF76D46D43CBF /* [CP] Check Pods Manifest.lock */ = {
			isa = PBXShellScriptBuildPhase;
			buildActionMask = 2147483647;
			files = (
			);
			inputFileListPaths = (
			);
			inputPaths = (
				"${PODS_PODFILE_DIR_PATH}/Podfile.lock",
				"${PODS_ROOT}/Manifest.lock",
			);
			name = "[CP] Check Pods Manifest.lock";
			outputFileListPaths = (
			);
			outputPaths = (
				"$(DERIVED_FILE_DIR)/Pods-SVGAPlayer_OptimizedDemo-checkManifestLockResult.txt",
			);
			runOnlyForDeploymentPostprocessing = 0;
			shellPath = /bin/sh;
			shellScript = "diff \"${PODS_PODFILE_DIR_PATH}/Podfile.lock\" \"${PODS_ROOT}/Manifest.lock\" > /dev/null\nif [ $? != 0 ] ; then\n    # print error to STDERR\n    echo \"error: The sandbox is not in sync with the Podfile.lock. Run 'pod install' or update your CocoaPods installation.\" >&2\n    exit 1\nfi\n# This output is used by Xcode 'outputs' to avoid re-running this script phase.\necho \"SUCCESS\" > \"${SCRIPT_OUTPUT_FILE_0}\"\n";
			showEnvVarsInLog = 0;
		};
/* End PBXShellScriptBuildPhase section */

/* Begin PBXSourcesBuildPhase section */
		009F1D5B2A95FC80009C9FF4 /* Sources */ = {
			isa = PBXSourcesBuildPhase;
			buildActionMask = 2147483647;
			files = (
				009F1D672A95FC80009C9FF4 /* ViewController.swift in Sources */,
				009F1D632A95FC80009C9FF4 /* AppDelegate.swift in Sources */,
				009F1D652A95FC80009C9FF4 /* SceneDelegate.swift in Sources */,
				002B5A712B0B432000083AE5 /* SVGAVideoEntity+Extension.m in Sources */,
				009F1D802A9608E0009C9FF4 /* Extension.swift in Sources */,
				002AEC072B0211D5006F9E5E /* SVGARePlayer.m in Sources */,
				009F1D9B2A96213B009C9FF4 /* Constant.swift in Sources */,
				002AEC052B0211D5006F9E5E /* SVGAExPlayer.swift in Sources */,
				00CEC40A2C9EE1E300659005 /* JPProgressHUD.swift in Sources */,
			);
			runOnlyForDeploymentPostprocessing = 0;
		};
/* End PBXSourcesBuildPhase section */

/* Begin PBXVariantGroup section */
		009F1D682A95FC80009C9FF4 /* Main.storyboard */ = {
			isa = PBXVariantGroup;
			children = (
				009F1D692A95FC80009C9FF4 /* Base */,
			);
			name = Main.storyboard;
			sourceTree = "<group>";
		};
		009F1D6D2A95FC81009C9FF4 /* LaunchScreen.storyboard */ = {
			isa = PBXVariantGroup;
			children = (
				009F1D6E2A95FC81009C9FF4 /* Base */,
			);
			name = LaunchScreen.storyboard;
			sourceTree = "<group>";
		};
/* End PBXVariantGroup section */

/* Begin XCBuildConfiguration section */
		009F1D712A95FC81009C9FF4 /* Debug */ = {
			isa = XCBuildConfiguration;
			buildSettings = {
				ALWAYS_SEARCH_USER_PATHS = NO;
				CLANG_ANALYZER_NONNULL = YES;
				CLANG_ANALYZER_NUMBER_OBJECT_CONVERSION = YES_AGGRESSIVE;
				CLANG_CXX_LANGUAGE_STANDARD = "gnu++20";
				CLANG_ENABLE_MODULES = YES;
				CLANG_ENABLE_OBJC_ARC = YES;
				CLANG_ENABLE_OBJC_WEAK = YES;
				CLANG_WARN_BLOCK_CAPTURE_AUTORELEASING = YES;
				CLANG_WARN_BOOL_CONVERSION = YES;
				CLANG_WARN_COMMA = YES;
				CLANG_WARN_CONSTANT_CONVERSION = YES;
				CLANG_WARN_DEPRECATED_OBJC_IMPLEMENTATIONS = YES;
				CLANG_WARN_DIRECT_OBJC_ISA_USAGE = YES_ERROR;
				CLANG_WARN_DOCUMENTATION_COMMENTS = YES;
				CLANG_WARN_EMPTY_BODY = YES;
				CLANG_WARN_ENUM_CONVERSION = YES;
				CLANG_WARN_INFINITE_RECURSION = YES;
				CLANG_WARN_INT_CONVERSION = YES;
				CLANG_WARN_NON_LITERAL_NULL_CONVERSION = YES;
				CLANG_WARN_OBJC_IMPLICIT_RETAIN_SELF = YES;
				CLANG_WARN_OBJC_LITERAL_CONVERSION = YES;
				CLANG_WARN_OBJC_ROOT_CLASS = YES_ERROR;
				CLANG_WARN_QUOTED_INCLUDE_IN_FRAMEWORK_HEADER = YES;
				CLANG_WARN_RANGE_LOOP_ANALYSIS = YES;
				CLANG_WARN_STRICT_PROTOTYPES = YES;
				CLANG_WARN_SUSPICIOUS_MOVE = YES;
				CLANG_WARN_UNGUARDED_AVAILABILITY = YES_AGGRESSIVE;
				CLANG_WARN_UNREACHABLE_CODE = YES;
				CLANG_WARN__DUPLICATE_METHOD_MATCH = YES;
				COPY_PHASE_STRIP = NO;
				DEBUG_INFORMATION_FORMAT = dwarf;
				ENABLE_STRICT_OBJC_MSGSEND = YES;
				ENABLE_TESTABILITY = YES;
				GCC_C_LANGUAGE_STANDARD = gnu11;
				GCC_DYNAMIC_NO_PIC = NO;
				GCC_NO_COMMON_BLOCKS = YES;
				GCC_OPTIMIZATION_LEVEL = 0;
				GCC_PREPROCESSOR_DEFINITIONS = (
					"DEBUG=1",
					"$(inherited)",
				);
				GCC_WARN_64_TO_32_BIT_CONVERSION = YES;
				GCC_WARN_ABOUT_RETURN_TYPE = YES_ERROR;
				GCC_WARN_UNDECLARED_SELECTOR = YES;
				GCC_WARN_UNINITIALIZED_AUTOS = YES_AGGRESSIVE;
				GCC_WARN_UNUSED_FUNCTION = YES;
				GCC_WARN_UNUSED_VARIABLE = YES;
				IPHONEOS_DEPLOYMENT_TARGET = 13.0;
				MTL_ENABLE_DEBUG_INFO = INCLUDE_SOURCE;
				MTL_FAST_MATH = YES;
				ONLY_ACTIVE_ARCH = YES;
				SDKROOT = iphoneos;
				SWIFT_ACTIVE_COMPILATION_CONDITIONS = DEBUG;
				SWIFT_OPTIMIZATION_LEVEL = "-Onone";
			};
			name = Debug;
		};
		009F1D722A95FC81009C9FF4 /* Release */ = {
			isa = XCBuildConfiguration;
			buildSettings = {
				ALWAYS_SEARCH_USER_PATHS = NO;
				CLANG_ANALYZER_NONNULL = YES;
				CLANG_ANALYZER_NUMBER_OBJECT_CONVERSION = YES_AGGRESSIVE;
				CLANG_CXX_LANGUAGE_STANDARD = "gnu++20";
				CLANG_ENABLE_MODULES = YES;
				CLANG_ENABLE_OBJC_ARC = YES;
				CLANG_ENABLE_OBJC_WEAK = YES;
				CLANG_WARN_BLOCK_CAPTURE_AUTORELEASING = YES;
				CLANG_WARN_BOOL_CONVERSION = YES;
				CLANG_WARN_COMMA = YES;
				CLANG_WARN_CONSTANT_CONVERSION = YES;
				CLANG_WARN_DEPRECATED_OBJC_IMPLEMENTATIONS = YES;
				CLANG_WARN_DIRECT_OBJC_ISA_USAGE = YES_ERROR;
				CLANG_WARN_DOCUMENTATION_COMMENTS = YES;
				CLANG_WARN_EMPTY_BODY = YES;
				CLANG_WARN_ENUM_CONVERSION = YES;
				CLANG_WARN_INFINITE_RECURSION = YES;
				CLANG_WARN_INT_CONVERSION = YES;
				CLANG_WARN_NON_LITERAL_NULL_CONVERSION = YES;
				CLANG_WARN_OBJC_IMPLICIT_RETAIN_SELF = YES;
				CLANG_WARN_OBJC_LITERAL_CONVERSION = YES;
				CLANG_WARN_OBJC_ROOT_CLASS = YES_ERROR;
				CLANG_WARN_QUOTED_INCLUDE_IN_FRAMEWORK_HEADER = YES;
				CLANG_WARN_RANGE_LOOP_ANALYSIS = YES;
				CLANG_WARN_STRICT_PROTOTYPES = YES;
				CLANG_WARN_SUSPICIOUS_MOVE = YES;
				CLANG_WARN_UNGUARDED_AVAILABILITY = YES_AGGRESSIVE;
				CLANG_WARN_UNREACHABLE_CODE = YES;
				CLANG_WARN__DUPLICATE_METHOD_MATCH = YES;
				COPY_PHASE_STRIP = NO;
				DEBUG_INFORMATION_FORMAT = "dwarf-with-dsym";
				ENABLE_NS_ASSERTIONS = NO;
				ENABLE_STRICT_OBJC_MSGSEND = YES;
				GCC_C_LANGUAGE_STANDARD = gnu11;
				GCC_NO_COMMON_BLOCKS = YES;
				GCC_WARN_64_TO_32_BIT_CONVERSION = YES;
				GCC_WARN_ABOUT_RETURN_TYPE = YES_ERROR;
				GCC_WARN_UNDECLARED_SELECTOR = YES;
				GCC_WARN_UNINITIALIZED_AUTOS = YES_AGGRESSIVE;
				GCC_WARN_UNUSED_FUNCTION = YES;
				GCC_WARN_UNUSED_VARIABLE = YES;
				IPHONEOS_DEPLOYMENT_TARGET = 13.0;
				MTL_ENABLE_DEBUG_INFO = NO;
				MTL_FAST_MATH = YES;
				SDKROOT = iphoneos;
				SWIFT_COMPILATION_MODE = wholemodule;
				SWIFT_OPTIMIZATION_LEVEL = "-O";
				VALIDATE_PRODUCT = YES;
			};
			name = Release;
		};
		009F1D742A95FC81009C9FF4 /* Debug */ = {
			isa = XCBuildConfiguration;
			baseConfigurationReference = 9D98578963A5720060A2E740 /* Pods-SVGAPlayer_OptimizedDemo.debug.xcconfig */;
			buildSettings = {
				ASSETCATALOG_COMPILER_APPICON_NAME = AppIcon;
				ASSETCATALOG_COMPILER_GLOBAL_ACCENT_COLOR_NAME = AccentColor;
				CLANG_ENABLE_MODULES = YES;
				CODE_SIGN_STYLE = Automatic;
				CURRENT_PROJECT_VERSION = 1;
				DEVELOPMENT_TEAM = FH4WHYK8ZQ;
				GENERATE_INFOPLIST_FILE = YES;
				INFOPLIST_FILE = SVGAPlayer_OptimizedDemo/Info.plist;
				INFOPLIST_KEY_UIApplicationSupportsIndirectInputEvents = YES;
				INFOPLIST_KEY_UILaunchStoryboardName = LaunchScreen;
				INFOPLIST_KEY_UIMainStoryboardFile = Main;
				INFOPLIST_KEY_UISupportedInterfaceOrientations = UIInterfaceOrientationPortrait;
				IPHONEOS_DEPLOYMENT_TARGET = 13.0;
				LD_RUNPATH_SEARCH_PATHS = (
					"$(inherited)",
					"@executable_path/Frameworks",
				);
				MARKETING_VERSION = 1.0;
				PRODUCT_BUNDLE_IDENTIFIER = com.zhoujianping.SVGAPlayer_OptimizedDemo;
				PRODUCT_NAME = "$(TARGET_NAME)";
				SUPPORTED_PLATFORMS = "iphoneos iphonesimulator";
				SUPPORTS_MACCATALYST = NO;
				SUPPORTS_MAC_DESIGNED_FOR_IPHONE_IPAD = NO;
				SWIFT_EMIT_LOC_STRINGS = YES;
				SWIFT_OBJC_BRIDGING_HEADER = "SVGAPlayer_OptimizedDemo/SVGAPlayer_OptimizedDemo-Bridging-Header.h";
				SWIFT_OPTIMIZATION_LEVEL = "-Onone";
				SWIFT_VERSION = 5.0;
				TARGETED_DEVICE_FAMILY = 1;
			};
			name = Debug;
		};
		009F1D752A95FC81009C9FF4 /* Release */ = {
			isa = XCBuildConfiguration;
			baseConfigurationReference = 171C1E092135690956EB364E /* Pods-SVGAPlayer_OptimizedDemo.release.xcconfig */;
			buildSettings = {
				ASSETCATALOG_COMPILER_APPICON_NAME = AppIcon;
				ASSETCATALOG_COMPILER_GLOBAL_ACCENT_COLOR_NAME = AccentColor;
				CLANG_ENABLE_MODULES = YES;
				CODE_SIGN_STYLE = Automatic;
				CURRENT_PROJECT_VERSION = 1;
				DEVELOPMENT_TEAM = FH4WHYK8ZQ;
				GENERATE_INFOPLIST_FILE = YES;
				INFOPLIST_FILE = SVGAPlayer_OptimizedDemo/Info.plist;
				INFOPLIST_KEY_UIApplicationSupportsIndirectInputEvents = YES;
				INFOPLIST_KEY_UILaunchStoryboardName = LaunchScreen;
				INFOPLIST_KEY_UIMainStoryboardFile = Main;
				INFOPLIST_KEY_UISupportedInterfaceOrientations = UIInterfaceOrientationPortrait;
				IPHONEOS_DEPLOYMENT_TARGET = 13.0;
				LD_RUNPATH_SEARCH_PATHS = (
					"$(inherited)",
					"@executable_path/Frameworks",
				);
				MARKETING_VERSION = 1.0;
				PRODUCT_BUNDLE_IDENTIFIER = com.zhoujianping.SVGAPlayer_OptimizedDemo;
				PRODUCT_NAME = "$(TARGET_NAME)";
				SUPPORTED_PLATFORMS = "iphoneos iphonesimulator";
				SUPPORTS_MACCATALYST = NO;
				SUPPORTS_MAC_DESIGNED_FOR_IPHONE_IPAD = NO;
				SWIFT_EMIT_LOC_STRINGS = YES;
				SWIFT_OBJC_BRIDGING_HEADER = "SVGAPlayer_OptimizedDemo/SVGAPlayer_OptimizedDemo-Bridging-Header.h";
				SWIFT_VERSION = 5.0;
				TARGETED_DEVICE_FAMILY = 1;
			};
			name = Release;
		};
/* End XCBuildConfiguration section */

/* Begin XCConfigurationList section */
		009F1D5A2A95FC80009C9FF4 /* Build configuration list for PBXProject "SVGAPlayer_OptimizedDemo" */ = {
			isa = XCConfigurationList;
			buildConfigurations = (
				009F1D712A95FC81009C9FF4 /* Debug */,
				009F1D722A95FC81009C9FF4 /* Release */,
			);
			defaultConfigurationIsVisible = 0;
			defaultConfigurationName = Release;
		};
		009F1D732A95FC81009C9FF4 /* Build configuration list for PBXNativeTarget "SVGAPlayer_OptimizedDemo" */ = {
			isa = XCConfigurationList;
			buildConfigurations = (
				009F1D742A95FC81009C9FF4 /* Debug */,
				009F1D752A95FC81009C9FF4 /* Release */,
			);
			defaultConfigurationIsVisible = 0;
			defaultConfigurationName = Release;
		};
/* End XCConfigurationList section */
	};
	rootObject = 009F1D572A95FC80009C9FF4 /* Project object */;
}
